
Microsoft Visual Studio Solution File, Format Version 12.00
# Visual Studio 15
VisualStudioVersion = 15.0.27428.2027
MinimumVisualStudioVersion = 10.0.40219.1
Project("{FAE04EC0-301F-11D3-BF4B-00C04F79EFBC}") = "WpfApp1", "WpfApp1\WpfApp1.csproj", "{4F8A241E-138C-4EFB-93A8-6D576818DA3E}"
EndProject
Global
	GlobalSection(SolutionConfigurationPlatforms) = preSolution
		Debug|Any CPU = Debug|Any CPU
		Release|Any CPU = Release|Any CPU
	EndGlobalSection
	GlobalSection(ProjectConfigurationPlatforms) = postSolution
		{4F8A241E-138C-4EFB-93A8-6D576818DA3E}.Debug|Any CPU.ActiveCfg = Debug|Any CPU
		{4F8A241E-138C-4EFB-93A8-6D576818DA3E}.Debug|Any CPU.Build.0 = Debug|Any CPU
		{4F8A241E-138C-4EFB-93A8-6D576818DA3E}.Release|Any CPU.ActiveCfg = Release|Any CPU
		{4F8A241E-138C-4EFB-93A8-6D576818DA3E}.Release|Any CPU.Build.0 = Release|Any CPU
	EndGlobalSection
	GlobalSection(SolutionProperties) = preSolution
		HideSolutionNode = FALSE
	EndGlobalSection
	GlobalSection(ExtensibilityGlobals) = postSolution
		SolutionGuid = {4F275CC0-EE62-486D-A5F0-EA30D8EE0441}
	EndGlobalSection
EndGlobal
